
Microsoft Visual Studio Solution File, Format Version 12.00
# Visual Studio 14
VisualStudioVersion = 14.0.25420.1
MinimumVisualStudioVersion = 10.0.40219.1
Project("{E24C65DC-7377-472B-9ABA-BC803B73C61A}") = "dndrealmcontroller(1)", ".", "{A7E89667-688A-42E1-AB84-6AA0E1CD06EF}"
	ProjectSection(WebsiteProperties) = preProject
		TargetFrameworkMoniker = ".NETFramework,Version%3Dv4.5.2"
		Debug.AspNetCompiler.VirtualPath = "/localhost_53807"
		Debug.AspNetCompiler.PhysicalPath = "..\..\..\..\Desktop\dndrealmcontroller\"
		Debug.AspNetCompiler.TargetPath = "PrecompiledWeb\localhost_53807\"
		Debug.AspNetCompiler.Updateable = "true"
		Debug.AspNetCompiler.ForceOverwrite = "true"
		Debug.AspNetCompiler.FixedNames = "false"
		Debug.AspNetCompiler.Debug = "True"
		Release.AspNetCompiler.VirtualPath = "/localhost_53807"
		Release.AspNetCompiler.PhysicalPath = "..\..\..\..\Desktop\dndrealmcontroller\"
		Release.AspNetCompiler.TargetPath = "PrecompiledWeb\localhost_53807\"
		Release.AspNetCompiler.Updateable = "true"
		Release.AspNetCompiler.ForceOverwrite = "true"
		Release.AspNetCompiler.FixedNames = "false"
		Release.AspNetCompiler.Debug = "False"
		VWDPort = "53807"
	EndProjectSection
EndProject
Global
	GlobalSection(SolutionConfigurationPlatforms) = preSolution
		Debug|Any CPU = Debug|Any CPU
	EndGlobalSection
	GlobalSection(ProjectConfigurationPlatforms) = postSolution
		{A7E89667-688A-42E1-AB84-6AA0E1CD06EF}.Debug|Any CPU.ActiveCfg = Debug|Any CPU
		{A7E89667-688A-42E1-AB84-6AA0E1CD06EF}.Debug|Any CPU.Build.0 = Debug|Any CPU
	EndGlobalSection
	GlobalSection(SolutionProperties) = preSolution
		HideSolutionNode = FALSE
	EndGlobalSection
EndGlobal
